
Microsoft Visual Studio Solution File, Format Version 12.00
# Visual Studio Version 17
VisualStudioVersion = 17.14.36616.10
MinimumVisualStudioVersion = 10.0.40219.1
Project("{FAE04EC0-301F-11D3-BF4B-00C04F79EFBC}") = "BlazorKurs257765", "BlazorKurs257765\BlazorKurs257765.csproj", "{2E2F8207-B1EE-4387-A6D1-1DE9338F30FD}"
EndProject
Global
	GlobalSection(SolutionConfigurationPlatforms) = preSolution
		Debug|Any CPU = Debug|Any CPU
		Release|Any CPU = Release|Any CPU
	EndGlobalSection
	GlobalSection(ProjectConfigurationPlatforms) = postSolution
		{2E2F8207-B1EE-4387-A6D1-1DE9338F30FD}.Debug|Any CPU.ActiveCfg = Debug|Any CPU
		{2E2F8207-B1EE-4387-A6D1-1DE9338F30FD}.Debug|Any CPU.Build.0 = Debug|Any CPU
		{2E2F8207-B1EE-4387-A6D1-1DE9338F30FD}.Release|Any CPU.ActiveCfg = Release|Any CPU
		{2E2F8207-B1EE-4387-A6D1-1DE9338F30FD}.Release|Any CPU.Build.0 = Release|Any CPU
	EndGlobalSection
	GlobalSection(SolutionProperties) = preSolution
		HideSolutionNode = FALSE
	EndGlobalSection
	GlobalSection(ExtensibilityGlobals) = postSolution
		SolutionGuid = {EFA2C2DC-7A7B-4B73-92AA-60940AC2C41C}
	EndGlobalSection
EndGlobal
